
Microsoft Visual Studio Solution File, Format Version 12.00
# Visual Studio 14
VisualStudioVersion = 14.0.24720.0
MinimumVisualStudioVersion = 10.0.40219.1
Project("{FAE04EC0-301F-11D3-BF4B-00C04F79EFBC}") = "TicketToRide", "TicketToRide\TicketToRide.csproj", "{8BA142C3-3400-45D4-989F-429942587C3C}"
EndProject
Project("{FAE04EC0-301F-11D3-BF4B-00C04F79EFBC}") = "Testing", "Testing\Testing.csproj", "{BF7BD0FA-F9D4-4938-B6E8-53A432267A9A}"
EndProject
Project("{00D1A9C2-B5F0-4AF3-8072-F6C62B433612}") = "Database1", "..\Database1\Database1\Database1.sqlproj", "{F24B1E4C-54B0-444E-B8FD-32AE3DA073C3}"
EndProject
Global
	GlobalSection(SolutionConfigurationPlatforms) = preSolution
		Debug|Any CPU = Debug|Any CPU
		Release|Any CPU = Release|Any CPU
	EndGlobalSection
	GlobalSection(ProjectConfigurationPlatforms) = postSolution
		{8BA142C3-3400-45D4-989F-429942587C3C}.Debug|Any CPU.ActiveCfg = Debug|Any CPU
		{8BA142C3-3400-45D4-989F-429942587C3C}.Debug|Any CPU.Build.0 = Debug|Any CPU
		{8BA142C3-3400-45D4-989F-429942587C3C}.Release|Any CPU.ActiveCfg = Release|Any CPU
		{8BA142C3-3400-45D4-989F-429942587C3C}.Release|Any CPU.Build.0 = Release|Any CPU
		{BF7BD0FA-F9D4-4938-B6E8-53A432267A9A}.Debug|Any CPU.ActiveCfg = Debug|Any CPU
		{BF7BD0FA-F9D4-4938-B6E8-53A432267A9A}.Debug|Any CPU.Build.0 = Debug|Any CPU
		{BF7BD0FA-F9D4-4938-B6E8-53A432267A9A}.Release|Any CPU.ActiveCfg = Release|Any CPU
		{BF7BD0FA-F9D4-4938-B6E8-53A432267A9A}.Release|Any CPU.Build.0 = Release|Any CPU
		{F24B1E4C-54B0-444E-B8FD-32AE3DA073C3}.Debug|Any CPU.ActiveCfg = Debug|Any CPU
		{F24B1E4C-54B0-444E-B8FD-32AE3DA073C3}.Debug|Any CPU.Build.0 = Debug|Any CPU
		{F24B1E4C-54B0-444E-B8FD-32AE3DA073C3}.Debug|Any CPU.Deploy.0 = Debug|Any CPU
		{F24B1E4C-54B0-444E-B8FD-32AE3DA073C3}.Release|Any CPU.ActiveCfg = Release|Any CPU
		{F24B1E4C-54B0-444E-B8FD-32AE3DA073C3}.Release|Any CPU.Build.0 = Release|Any CPU
		{F24B1E4C-54B0-444E-B8FD-32AE3DA073C3}.Release|Any CPU.Deploy.0 = Release|Any CPU
	EndGlobalSection
	GlobalSection(SolutionProperties) = preSolution
		HideSolutionNode = FALSE
	EndGlobalSection
EndGlobal
